
Microsoft Visual Studio Solution File, Format Version 12.00
# Visual Studio Version 17
VisualStudioVersion = 17.9.34723.18
MinimumVisualStudioVersion = 10.0.40219.1
Project("{FAE04EC0-301F-11D3-BF4B-00C04F79EFBC}") = "AspCoreStates", "AspCoreStates\AspCoreStates.csproj", "{1C094C3D-7158-43F6-9E73-D418075CA392}"
EndProject
Global
	GlobalSection(SolutionConfigurationPlatforms) = preSolution
		Debug|Any CPU = Debug|Any CPU
		Release|Any CPU = Release|Any CPU
	EndGlobalSection
	GlobalSection(ProjectConfigurationPlatforms) = postSolution
		{1C094C3D-7158-43F6-9E73-D418075CA392}.Debug|Any CPU.ActiveCfg = Debug|Any CPU
		{1C094C3D-7158-43F6-9E73-D418075CA392}.Debug|Any CPU.Build.0 = Debug|Any CPU
		{1C094C3D-7158-43F6-9E73-D418075CA392}.Release|Any CPU.ActiveCfg = Release|Any CPU
		{1C094C3D-7158-43F6-9E73-D418075CA392}.Release|Any CPU.Build.0 = Release|Any CPU
	EndGlobalSection
	GlobalSection(SolutionProperties) = preSolution
		HideSolutionNode = FALSE
	EndGlobalSection
	GlobalSection(ExtensibilityGlobals) = postSolution
		SolutionGuid = {3A834845-F762-4563-85A2-FDB11EC0B53B}
	EndGlobalSection
EndGlobal
