
Microsoft Visual Studio Solution File, Format Version 12.00
# Visual Studio Version 17
VisualStudioVersion = 17.6.33829.357
MinimumVisualStudioVersion = 10.0.40219.1
Project("{9A19103F-16F7-4668-BE54-9A1E7A4F7556}") = "AspNetCoreExample", "AspNetCoreExample.csproj", "{4A7875E1-17D5-4738-8A54-DC4C21A02D13}"
EndProject
Global
	GlobalSection(SolutionConfigurationPlatforms) = preSolution
		Debug|Any CPU = Debug|Any CPU
		Release|Any CPU = Release|Any CPU
	EndGlobalSection
	GlobalSection(ProjectConfigurationPlatforms) = postSolution
		{4A7875E1-17D5-4738-8A54-DC4C21A02D13}.Debug|Any CPU.ActiveCfg = Debug|Any CPU
		{4A7875E1-17D5-4738-8A54-DC4C21A02D13}.Debug|Any CPU.Build.0 = Debug|Any CPU
		{4A7875E1-17D5-4738-8A54-DC4C21A02D13}.Release|Any CPU.ActiveCfg = Release|Any CPU
		{4A7875E1-17D5-4738-8A54-DC4C21A02D13}.Release|Any CPU.Build.0 = Release|Any CPU
	EndGlobalSection
	GlobalSection(SolutionProperties) = preSolution
		HideSolutionNode = FALSE
	EndGlobalSection
	GlobalSection(ExtensibilityGlobals) = postSolution
		SolutionGuid = {72D82943-98E0-4EA1-A8DF-DCF6CEE8E33E}
	EndGlobalSection
EndGlobal
